
Microsoft Visual Studio Solution File, Format Version 12.00
# Visual Studio Version 16
VisualStudioVersion = 16.0.31205.134
MinimumVisualStudioVersion = 10.0.40219.1
Project("{FAE04EC0-301F-11D3-BF4B-00C04F79EFBC}") = "Marketmanagement", "Marketmanagement.csproj", "{56BD5A76-52A7-4420-A05B-0366EC411990}"
EndProject
Global
	GlobalSection(SolutionConfigurationPlatforms) = preSolution
		Debug|Any CPU = Debug|Any CPU
		Release|Any CPU = Release|Any CPU
	EndGlobalSection
	GlobalSection(ProjectConfigurationPlatforms) = postSolution
		{56BD5A76-52A7-4420-A05B-0366EC411990}.Debug|Any CPU.ActiveCfg = Debug|Any CPU
		{56BD5A76-52A7-4420-A05B-0366EC411990}.Debug|Any CPU.Build.0 = Debug|Any CPU
		{56BD5A76-52A7-4420-A05B-0366EC411990}.Release|Any CPU.ActiveCfg = Release|Any CPU
		{56BD5A76-52A7-4420-A05B-0366EC411990}.Release|Any CPU.Build.0 = Release|Any CPU
	EndGlobalSection
	GlobalSection(SolutionProperties) = preSolution
		HideSolutionNode = FALSE
	EndGlobalSection
	GlobalSection(ExtensibilityGlobals) = postSolution
		SolutionGuid = {0EB01FC5-D07C-4517-8BDD-173003F5984D}
	EndGlobalSection
EndGlobal
